
Microsoft Visual Studio Solution File, Format Version 11.00
# Visual Studio 2010
Project("{FAE04EC0-301F-11D3-BF4B-00C04F79EFBC}") = "Assembly-CSharp", "Assembly-CSharp.csproj", "{e959c5da-e1b9-c344-c638-63d06afe084e}"
EndProject
Project("{FAE04EC0-301F-11D3-BF4B-00C04F79EFBC}") = "Assembly-CSharp-Editor", "Assembly-CSharp-Editor.csproj", "{370b3d26-dd69-cd38-8089-00090f6af5e3}"
EndProject
Global
	GlobalSection(SolutionConfigurationPlatforms) = preSolution
		Debug|Any CPU = Debug|Any CPU
	EndGlobalSection
	GlobalSection(ProjectConfigurationPlatforms) = postSolution
		{e959c5da-e1b9-c344-c638-63d06afe084e}.Debug|Any CPU.ActiveCfg = Debug|Any CPU
		{e959c5da-e1b9-c344-c638-63d06afe084e}.Debug|Any CPU.Build.0 = Debug|Any CPU
		{370b3d26-dd69-cd38-8089-00090f6af5e3}.Debug|Any CPU.ActiveCfg = Debug|Any CPU
		{370b3d26-dd69-cd38-8089-00090f6af5e3}.Debug|Any CPU.Build.0 = Debug|Any CPU
	EndGlobalSection
	GlobalSection(SolutionProperties) = preSolution
		HideSolutionNode = FALSE
	EndGlobalSection
EndGlobal
